
Microsoft Visual Studio Solution File, Format Version 12.00
# Visual Studio Version 17
VisualStudioVersion = 17.5.33516.290
MinimumVisualStudioVersion = 10.0.40219.1
Project("{2150E333-8FDC-42A3-9474-1A3956D46DE8}") = "src", "src", "{4360A0F7-CB1A-47C5-A802-2A280AAE5705}"
EndProject
Project("{2150E333-8FDC-42A3-9474-1A3956D46DE8}") = "presentation", "presentation", "{08423CD3-632D-461A-91E2-AE1F96CF014D}"
EndProject
Project("{9A19103F-16F7-4668-BE54-9A1E7A4F7556}") = "Data", "src\Data\Data.csproj", "{CF682C6F-6704-4418-B690-AA85108A85B2}"
EndProject
Project("{9A19103F-16F7-4668-BE54-9A1E7A4F7556}") = "DataAccess", "src\DataAccess\DataAccess.csproj", "{13C9C719-C093-483A-A75B-6ACABC43C93B}"
EndProject
Project("{9A19103F-16F7-4668-BE54-9A1E7A4F7556}") = "Business", "src\Business\Business.csproj", "{FBEC7DA4-236F-4E5F-A753-EE051275DBED}"
EndProject
Project("{9A19103F-16F7-4668-BE54-9A1E7A4F7556}") = "WebUI", "presentation\WebUI\WebUI.csproj", "{4239C850-0E75-44D3-A510-23BB723A01F7}"
EndProject
Global
	GlobalSection(SolutionConfigurationPlatforms) = preSolution
		Debug|Any CPU = Debug|Any CPU
		Release|Any CPU = Release|Any CPU
	EndGlobalSection
	GlobalSection(ProjectConfigurationPlatforms) = postSolution
		{CF682C6F-6704-4418-B690-AA85108A85B2}.Debug|Any CPU.ActiveCfg = Debug|Any CPU
		{CF682C6F-6704-4418-B690-AA85108A85B2}.Debug|Any CPU.Build.0 = Debug|Any CPU
		{CF682C6F-6704-4418-B690-AA85108A85B2}.Release|Any CPU.ActiveCfg = Release|Any CPU
		{CF682C6F-6704-4418-B690-AA85108A85B2}.Release|Any CPU.Build.0 = Release|Any CPU
		{13C9C719-C093-483A-A75B-6ACABC43C93B}.Debug|Any CPU.ActiveCfg = Debug|Any CPU
		{13C9C719-C093-483A-A75B-6ACABC43C93B}.Debug|Any CPU.Build.0 = Debug|Any CPU
		{13C9C719-C093-483A-A75B-6ACABC43C93B}.Release|Any CPU.ActiveCfg = Release|Any CPU
		{13C9C719-C093-483A-A75B-6ACABC43C93B}.Release|Any CPU.Build.0 = Release|Any CPU
		{FBEC7DA4-236F-4E5F-A753-EE051275DBED}.Debug|Any CPU.ActiveCfg = Debug|Any CPU
		{FBEC7DA4-236F-4E5F-A753-EE051275DBED}.Debug|Any CPU.Build.0 = Debug|Any CPU
		{FBEC7DA4-236F-4E5F-A753-EE051275DBED}.Release|Any CPU.ActiveCfg = Release|Any CPU
		{FBEC7DA4-236F-4E5F-A753-EE051275DBED}.Release|Any CPU.Build.0 = Release|Any CPU
		{4239C850-0E75-44D3-A510-23BB723A01F7}.Debug|Any CPU.ActiveCfg = Debug|Any CPU
		{4239C850-0E75-44D3-A510-23BB723A01F7}.Debug|Any CPU.Build.0 = Debug|Any CPU
		{4239C850-0E75-44D3-A510-23BB723A01F7}.Release|Any CPU.ActiveCfg = Release|Any CPU
		{4239C850-0E75-44D3-A510-23BB723A01F7}.Release|Any CPU.Build.0 = Release|Any CPU
	EndGlobalSection
	GlobalSection(SolutionProperties) = preSolution
		HideSolutionNode = FALSE
	EndGlobalSection
	GlobalSection(NestedProjects) = preSolution
		{CF682C6F-6704-4418-B690-AA85108A85B2} = {4360A0F7-CB1A-47C5-A802-2A280AAE5705}
		{13C9C719-C093-483A-A75B-6ACABC43C93B} = {4360A0F7-CB1A-47C5-A802-2A280AAE5705}
		{FBEC7DA4-236F-4E5F-A753-EE051275DBED} = {4360A0F7-CB1A-47C5-A802-2A280AAE5705}
		{4239C850-0E75-44D3-A510-23BB723A01F7} = {08423CD3-632D-461A-91E2-AE1F96CF014D}
	EndGlobalSection
	GlobalSection(ExtensibilityGlobals) = postSolution
		SolutionGuid = {7F4C1231-CC8E-4F5D-96BE-852784510EF1}
	EndGlobalSection
EndGlobal
